
Microsoft Visual Studio Solution File, Format Version 12.00
# Visual Studio Version 16
VisualStudioVersion = 16.0.29418.71
MinimumVisualStudioVersion = 10.0.40219.1
Project("{FAE04EC0-301F-11D3-BF4B-00C04F79EFBC}") = "Sweepstakes", "Sweepstakes\Sweepstakes.csproj", "{5E9976D0-906B-4D2C-B6EB-8222DF384EF6}"
EndProject
Global
	GlobalSection(SolutionConfigurationPlatforms) = preSolution
		Debug|Any CPU = Debug|Any CPU
		Release|Any CPU = Release|Any CPU
	EndGlobalSection
	GlobalSection(ProjectConfigurationPlatforms) = postSolution
		{5E9976D0-906B-4D2C-B6EB-8222DF384EF6}.Debug|Any CPU.ActiveCfg = Debug|Any CPU
		{5E9976D0-906B-4D2C-B6EB-8222DF384EF6}.Debug|Any CPU.Build.0 = Debug|Any CPU
		{5E9976D0-906B-4D2C-B6EB-8222DF384EF6}.Release|Any CPU.ActiveCfg = Release|Any CPU
		{5E9976D0-906B-4D2C-B6EB-8222DF384EF6}.Release|Any CPU.Build.0 = Release|Any CPU
	EndGlobalSection
	GlobalSection(SolutionProperties) = preSolution
		HideSolutionNode = FALSE
	EndGlobalSection
	GlobalSection(ExtensibilityGlobals) = postSolution
		SolutionGuid = {02926073-1A3B-4321-8DAE-5CA0892FA8D0}
	EndGlobalSection
EndGlobal
